
Microsoft Visual Studio Solution File, Format Version 12.00
# Visual Studio 15
VisualStudioVersion = 15.0.27924.0
MinimumVisualStudioVersion = 10.0.40219.1
Project("{9A19103F-16F7-4668-BE54-9A1E7A4F7556}") = "UnMango.Web.UI", "UnMango.Web.UI\UnMango.Web.UI.csproj", "{144B7CA8-39AE-477A-95DC-ABB575D83229}"
EndProject
Project("{2150E333-8FDC-42A3-9474-1A3956D46DE8}") = "Solution Items", "Solution Items", "{9A7D85B6-7030-46E1-8B5D-369A7A4A2CB5}"
	ProjectSection(SolutionItems) = preProject
		.gitignore = .gitignore
	EndProjectSection
EndProject
Global
	GlobalSection(SolutionConfigurationPlatforms) = preSolution
		Debug|Any CPU = Debug|Any CPU
		Release|Any CPU = Release|Any CPU
	EndGlobalSection
	GlobalSection(ProjectConfigurationPlatforms) = postSolution
		{144B7CA8-39AE-477A-95DC-ABB575D83229}.Debug|Any CPU.ActiveCfg = Debug|Any CPU
		{144B7CA8-39AE-477A-95DC-ABB575D83229}.Debug|Any CPU.Build.0 = Debug|Any CPU
		{144B7CA8-39AE-477A-95DC-ABB575D83229}.Release|Any CPU.ActiveCfg = Release|Any CPU
		{144B7CA8-39AE-477A-95DC-ABB575D83229}.Release|Any CPU.Build.0 = Release|Any CPU
	EndGlobalSection
	GlobalSection(SolutionProperties) = preSolution
		HideSolutionNode = FALSE
	EndGlobalSection
	GlobalSection(ExtensibilityGlobals) = postSolution
		SolutionGuid = {7F1332E1-B07F-41D5-B621-1B49E64DB284}
	EndGlobalSection
EndGlobal
