
Microsoft Visual Studio Solution File, Format Version 12.00
# Visual Studio Version 16
VisualStudioVersion = 16.0.29123.89
MinimumVisualStudioVersion = 10.0.40219.1
Project("{2150E333-8FDC-42A3-9474-1A3956D46DE8}") = "Solution Items", "Solution Items", "{9A7D85B6-7030-46E1-8B5D-369A7A4A2CB5}"
	ProjectSection(SolutionItems) = preProject
		.dockerignore = .dockerignore
		.editorconfig = .editorconfig
		.gitignore = .gitignore
		global.json = global.json
		NuGet.Config = NuGet.Config
	EndProjectSection
EndProject
Project("{2150E333-8FDC-42A3-9474-1A3956D46DE8}") = "src", "src", "{29C4EA11-7BA5-4AB7-BE12-1B51D473BDBF}"
	ProjectSection(SolutionItems) = preProject
		src\Common.psm1 = src\Common.psm1
	EndProjectSection
EndProject
Project("{2150E333-8FDC-42A3-9474-1A3956D46DE8}") = "build", "build", "{A0A1BEFC-284A-434F-98E9-B69B54D000DA}"
	ProjectSection(SolutionItems) = preProject
		azure-pipelines.yml = azure-pipelines.yml
		build.cmd = build.cmd
		build.ps1 = build.ps1
		Directory.Build.props = Directory.Build.props
		Directory.Build.targets = Directory.Build.targets
		version.props = version.props
	EndProjectSection
EndProject
Project("{2150E333-8FDC-42A3-9474-1A3956D46DE8}") = "docs", "docs", "{B3A11D4D-8A12-4853-A0A5-C371F7FE3EBC}"
	ProjectSection(SolutionItems) = preProject
		README.md = README.md
	EndProjectSection
EndProject
Project("{2150E333-8FDC-42A3-9474-1A3956D46DE8}") = "test", "test", "{C6E1FCB7-1505-4543-B94D-3C14E5FF09CC}"
	ProjectSection(SolutionItems) = preProject
		xunit.runner.json = xunit.runner.json
	EndProjectSection
EndProject
Project("{2150E333-8FDC-42A3-9474-1A3956D46DE8}") = "tool", "tool", "{14DB049D-83B3-4B32-8274-C052561B7FD3}"
EndProject
Project("{FAE04EC0-301F-11D3-BF4B-00C04F79EFBC}") = "UnMango.Web.Server", "src\UnMango.Web.Server\UnMango.Web.Server.csproj", "{8A4EEB32-56B0-44E4-ABB5-DFC9277812BA}"
EndProject
Project("{FAE04EC0-301F-11D3-BF4B-00C04F79EFBC}") = "UnMango.Web.Client", "src\UnMango.Web.Client\UnMango.Web.Client.csproj", "{5CD2F918-AD4B-4A78-AD99-AA95177B03F7}"
EndProject
Project("{FAE04EC0-301F-11D3-BF4B-00C04F79EFBC}") = "UnMango.Web.Shared", "src\UnMango.Web.Shared\UnMango.Web.Shared.csproj", "{BE75DB47-BC1D-4498-90C3-FF59F7FBCCE5}"
EndProject
Global
	GlobalSection(SolutionConfigurationPlatforms) = preSolution
		Debug|Any CPU = Debug|Any CPU
		Release|Any CPU = Release|Any CPU
	EndGlobalSection
	GlobalSection(ProjectConfigurationPlatforms) = postSolution
		{8A4EEB32-56B0-44E4-ABB5-DFC9277812BA}.Debug|Any CPU.ActiveCfg = Debug|Any CPU
		{8A4EEB32-56B0-44E4-ABB5-DFC9277812BA}.Debug|Any CPU.Build.0 = Debug|Any CPU
		{8A4EEB32-56B0-44E4-ABB5-DFC9277812BA}.Release|Any CPU.ActiveCfg = Release|Any CPU
		{8A4EEB32-56B0-44E4-ABB5-DFC9277812BA}.Release|Any CPU.Build.0 = Release|Any CPU
		{5CD2F918-AD4B-4A78-AD99-AA95177B03F7}.Debug|Any CPU.ActiveCfg = Debug|Any CPU
		{5CD2F918-AD4B-4A78-AD99-AA95177B03F7}.Debug|Any CPU.Build.0 = Debug|Any CPU
		{5CD2F918-AD4B-4A78-AD99-AA95177B03F7}.Release|Any CPU.ActiveCfg = Release|Any CPU
		{5CD2F918-AD4B-4A78-AD99-AA95177B03F7}.Release|Any CPU.Build.0 = Release|Any CPU
		{BE75DB47-BC1D-4498-90C3-FF59F7FBCCE5}.Debug|Any CPU.ActiveCfg = Debug|Any CPU
		{BE75DB47-BC1D-4498-90C3-FF59F7FBCCE5}.Debug|Any CPU.Build.0 = Debug|Any CPU
		{BE75DB47-BC1D-4498-90C3-FF59F7FBCCE5}.Release|Any CPU.ActiveCfg = Release|Any CPU
		{BE75DB47-BC1D-4498-90C3-FF59F7FBCCE5}.Release|Any CPU.Build.0 = Release|Any CPU
	EndGlobalSection
	GlobalSection(SolutionProperties) = preSolution
		HideSolutionNode = FALSE
	EndGlobalSection
	GlobalSection(NestedProjects) = preSolution
		{8A4EEB32-56B0-44E4-ABB5-DFC9277812BA} = {29C4EA11-7BA5-4AB7-BE12-1B51D473BDBF}
		{5CD2F918-AD4B-4A78-AD99-AA95177B03F7} = {29C4EA11-7BA5-4AB7-BE12-1B51D473BDBF}
		{BE75DB47-BC1D-4498-90C3-FF59F7FBCCE5} = {29C4EA11-7BA5-4AB7-BE12-1B51D473BDBF}
	EndGlobalSection
	GlobalSection(ExtensibilityGlobals) = postSolution
		SolutionGuid = {7F1332E1-B07F-41D5-B621-1B49E64DB284}
	EndGlobalSection
EndGlobal
